
Microsoft Visual Studio Solution File, Format Version 12.00
# Visual Studio Version 17
VisualStudioVersion = 17.14.36203.30
MinimumVisualStudioVersion = 10.0.40219.1
Project("{FAE04EC0-301F-11D3-BF4B-00C04F79EFBC}") = "ChatAI-Assistant.Server", "ChatAI-Assistant.Server\ChatAI-Assistant.Server.csproj", "{83F56F1C-0A9A-46C6-8311-FAB1DFC8C84D}"
EndProject
Project("{2150E333-8FDC-42A3-9474-1A3956D46DE8}") = "src", "src", "{02EA681E-C7D8-13C7-8484-4AC65E1B71E8}"
EndProject
Project("{FAE04EC0-301F-11D3-BF4B-00C04F79EFBC}") = "ChatAI-Assistant.Client", "ChatAI-Assistant.Client\ChatAI-Assistant.Client.csproj", "{7F8A8A35-8EB8-4AB3-ABC1-42EE61BFABC3}"
EndProject
Project("{FAE04EC0-301F-11D3-BF4B-00C04F79EFBC}") = "ChatAI-Assistant.Shared", "ChatAI-Assistant.Shared\ChatAI-Assistant.Shared.csproj", "{CB0B4C6B-54B4-4306-A493-AB914B2E59B4}"
EndProject
Global
	GlobalSection(SolutionConfigurationPlatforms) = preSolution
		Debug|Any CPU = Debug|Any CPU
		Release|Any CPU = Release|Any CPU
	EndGlobalSection
	GlobalSection(ProjectConfigurationPlatforms) = postSolution
		{83F56F1C-0A9A-46C6-8311-FAB1DFC8C84D}.Debug|Any CPU.ActiveCfg = Debug|Any CPU
		{83F56F1C-0A9A-46C6-8311-FAB1DFC8C84D}.Debug|Any CPU.Build.0 = Debug|Any CPU
		{83F56F1C-0A9A-46C6-8311-FAB1DFC8C84D}.Release|Any CPU.ActiveCfg = Release|Any CPU
		{83F56F1C-0A9A-46C6-8311-FAB1DFC8C84D}.Release|Any CPU.Build.0 = Release|Any CPU
		{7F8A8A35-8EB8-4AB3-ABC1-42EE61BFABC3}.Debug|Any CPU.ActiveCfg = Debug|Any CPU
		{7F8A8A35-8EB8-4AB3-ABC1-42EE61BFABC3}.Debug|Any CPU.Build.0 = Debug|Any CPU
		{7F8A8A35-8EB8-4AB3-ABC1-42EE61BFABC3}.Release|Any CPU.ActiveCfg = Release|Any CPU
		{7F8A8A35-8EB8-4AB3-ABC1-42EE61BFABC3}.Release|Any CPU.Build.0 = Release|Any CPU
		{CB0B4C6B-54B4-4306-A493-AB914B2E59B4}.Debug|Any CPU.ActiveCfg = Debug|Any CPU
		{CB0B4C6B-54B4-4306-A493-AB914B2E59B4}.Debug|Any CPU.Build.0 = Debug|Any CPU
		{CB0B4C6B-54B4-4306-A493-AB914B2E59B4}.Release|Any CPU.ActiveCfg = Release|Any CPU
		{CB0B4C6B-54B4-4306-A493-AB914B2E59B4}.Release|Any CPU.Build.0 = Release|Any CPU
	EndGlobalSection
	GlobalSection(SolutionProperties) = preSolution
		HideSolutionNode = FALSE
	EndGlobalSection
	GlobalSection(NestedProjects) = preSolution
		{83F56F1C-0A9A-46C6-8311-FAB1DFC8C84D} = {02EA681E-C7D8-13C7-8484-4AC65E1B71E8}
		{7F8A8A35-8EB8-4AB3-ABC1-42EE61BFABC3} = {02EA681E-C7D8-13C7-8484-4AC65E1B71E8}
		{CB0B4C6B-54B4-4306-A493-AB914B2E59B4} = {02EA681E-C7D8-13C7-8484-4AC65E1B71E8}
	EndGlobalSection
	GlobalSection(ExtensibilityGlobals) = postSolution
		SolutionGuid = {F4AB3D53-1E64-4BF1-8731-C38FA99A1F76}
	EndGlobalSection
EndGlobal
